# THIS IS AN AUTOGENERATED FILE. DO NOT EDIT THIS FILE DIRECTLY.
# yarn lockfile v1


hooper@^0.3.4:
  version "0.3.4"
  resolved "https://npm.envivo.de/hooper/-/hooper-0.3.4.tgz#afb425d23f47f931ce2a9c00b755992cb0e2bcf9"
  integrity sha512-hV1c+MCiCfVjltdvZIgTrGYHInvhKiNLVNOT/hRWbfjZNIS9H6F6ZUPeaxhxrYkjsEL96Z0RIs+4YPoBqrrrHQ==
